
Microsoft Visual Studio Solution File, Format Version 12.00
# Visual Studio Version 16
VisualStudioVersion = 16.0.32106.194
MinimumVisualStudioVersion = 10.0.40219.1
Project("{FAE04EC0-301F-11D3-BF4B-00C04F79EFBC}") = "WindowsFormsApp3", "WindowsFormsApp3.csproj", "{13E6CC4A-AC46-46E3-BFF9-8E2BD3A29162}"
EndProject
Global
	GlobalSection(SolutionConfigurationPlatforms) = preSolution
		Debug|Any CPU = Debug|Any CPU
		Release|Any CPU = Release|Any CPU
	EndGlobalSection
	GlobalSection(ProjectConfigurationPlatforms) = postSolution
		{13E6CC4A-AC46-46E3-BFF9-8E2BD3A29162}.Debug|Any CPU.ActiveCfg = Debug|Any CPU
		{13E6CC4A-AC46-46E3-BFF9-8E2BD3A29162}.Debug|Any CPU.Build.0 = Debug|Any CPU
		{13E6CC4A-AC46-46E3-BFF9-8E2BD3A29162}.Release|Any CPU.ActiveCfg = Release|Any CPU
		{13E6CC4A-AC46-46E3-BFF9-8E2BD3A29162}.Release|Any CPU.Build.0 = Release|Any CPU
	EndGlobalSection
	GlobalSection(SolutionProperties) = preSolution
		HideSolutionNode = FALSE
	EndGlobalSection
	GlobalSection(ExtensibilityGlobals) = postSolution
		SolutionGuid = {ECB3E1B1-A903-408F-BEDD-52CC8F92DDDD}
	EndGlobalSection
EndGlobal
